
Microsoft Visual Studio Solution File, Format Version 12.00
# Visual Studio Version 16
VisualStudioVersion = 16.0.31005.135
MinimumVisualStudioVersion = 10.0.40219.1
Project("{FAE04EC0-301F-11D3-BF4B-00C04F79EFBC}") = "ejercicio 1 tarea 2 progra", "ejercicio 1 tarea 2 progra\ejercicio 1 tarea 2 progra.csproj", "{1009A512-1247-409E-A7AE-9C52B312EDC1}"
EndProject
Global
	GlobalSection(SolutionConfigurationPlatforms) = preSolution
		Debug|Any CPU = Debug|Any CPU
		Release|Any CPU = Release|Any CPU
	EndGlobalSection
	GlobalSection(ProjectConfigurationPlatforms) = postSolution
		{1009A512-1247-409E-A7AE-9C52B312EDC1}.Debug|Any CPU.ActiveCfg = Debug|Any CPU
		{1009A512-1247-409E-A7AE-9C52B312EDC1}.Debug|Any CPU.Build.0 = Debug|Any CPU
		{1009A512-1247-409E-A7AE-9C52B312EDC1}.Release|Any CPU.ActiveCfg = Release|Any CPU
		{1009A512-1247-409E-A7AE-9C52B312EDC1}.Release|Any CPU.Build.0 = Release|Any CPU
	EndGlobalSection
	GlobalSection(SolutionProperties) = preSolution
		HideSolutionNode = FALSE
	EndGlobalSection
	GlobalSection(ExtensibilityGlobals) = postSolution
		SolutionGuid = {E992D86B-9551-40A5-9046-CB07BD7520E9}
	EndGlobalSection
EndGlobal
